
Microsoft Visual Studio Solution File, Format Version 12.00
# Visual Studio 15
VisualStudioVersion = 15.0.26430.13
MinimumVisualStudioVersion = 10.0.40219.1
Project("{9A19103F-16F7-4668-BE54-9A1E7A4F7556}") = "ConsoleApp1", "ConsoleApp1\ConsoleApp1.csproj", "{EE937ED4-CCD3-4698-8818-FEA5CDA48E07}"
EndProject
Project("{9A19103F-16F7-4668-BE54-9A1E7A4F7556}") = "WebApi", "WebApi\WebApi.csproj", "{510514B6-15A3-436D-B151-F3156E7D5B84}"
EndProject
Project("{FAE04EC0-301F-11D3-BF4B-00C04F79EFBC}") = "WebApi.Tests", "WebApi.Tests\WebApi.Tests.csproj", "{53C2BDB7-2F7C-4968-9753-B57D63349F5A}"
EndProject
Global
	GlobalSection(SolutionConfigurationPlatforms) = preSolution
		Debug|Any CPU = Debug|Any CPU
		Release|Any CPU = Release|Any CPU
	EndGlobalSection
	GlobalSection(ProjectConfigurationPlatforms) = postSolution
		{EE937ED4-CCD3-4698-8818-FEA5CDA48E07}.Debug|Any CPU.ActiveCfg = Debug|Any CPU
		{EE937ED4-CCD3-4698-8818-FEA5CDA48E07}.Debug|Any CPU.Build.0 = Debug|Any CPU
		{EE937ED4-CCD3-4698-8818-FEA5CDA48E07}.Release|Any CPU.ActiveCfg = Release|Any CPU
		{EE937ED4-CCD3-4698-8818-FEA5CDA48E07}.Release|Any CPU.Build.0 = Release|Any CPU
		{510514B6-15A3-436D-B151-F3156E7D5B84}.Debug|Any CPU.ActiveCfg = Debug|Any CPU
		{510514B6-15A3-436D-B151-F3156E7D5B84}.Debug|Any CPU.Build.0 = Debug|Any CPU
		{510514B6-15A3-436D-B151-F3156E7D5B84}.Release|Any CPU.ActiveCfg = Release|Any CPU
		{510514B6-15A3-436D-B151-F3156E7D5B84}.Release|Any CPU.Build.0 = Release|Any CPU
		{53C2BDB7-2F7C-4968-9753-B57D63349F5A}.Debug|Any CPU.ActiveCfg = Debug|Any CPU
		{53C2BDB7-2F7C-4968-9753-B57D63349F5A}.Debug|Any CPU.Build.0 = Debug|Any CPU
		{53C2BDB7-2F7C-4968-9753-B57D63349F5A}.Release|Any CPU.ActiveCfg = Release|Any CPU
		{53C2BDB7-2F7C-4968-9753-B57D63349F5A}.Release|Any CPU.Build.0 = Release|Any CPU
	EndGlobalSection
	GlobalSection(SolutionProperties) = preSolution
		HideSolutionNode = FALSE
	EndGlobalSection
EndGlobal
